// !$*UTF8*$!
{
	archiveVersion = 1;
	classes = {
	};
	objectVersion = 55;
	objects = {

/* Begin PBXBuildFile section */
		8779FB0F2813BEF800264F53 /* map_pinup_custom@3x.png in Resources */ = {isa = PBXBuildFile; fileRef = 8779FAEA2813BEF800264F53 /* map_pinup_custom@3x.png */; };
		8779FB102813BEF800264F53 /* map_pin_custom.png in Resources */ = {isa = PBXBuildFile; fileRef = 8779FAEB2813BEF800264F53 /* map_pin_custom.png */; };
		8779FB112813BEF800264F53 /* shadow_balloon.png in Resources */ = {isa = PBXBuildFile; fileRef = 8779FAEC2813BEF800264F53 /* shadow_balloon.png */; };
		8779FB122813BEF800264F53 /* map_pinup.png in Resources */ = {isa = PBXBuildFile; fileRef = 8779FAED2813BEF800264F53 /* map_pinup.png */; };
		8779FB132813BEF800264F53 /* detail_button.png in Resources */ = {isa = PBXBuildFile; fileRef = 8779FAEE2813BEF800264F53 /* detail_button.png */; };
		8779FB142813BEF800264F53 /* map_pin_custom@3x.png in Resources */ = {isa = PBXBuildFile; fileRef = 8779FAEF2813BEF800264F53 /* map_pin_custom@3x.png */; };
		8779FB152813BEF800264F53 /* map_pinup@3x.png in Resources */ = {isa = PBXBuildFile; fileRef = 8779FAF02813BEF800264F53 /* map_pinup@3x.png */; };
		8779FB162813BEF800264F53 /* map_pin_shadow@3x.png in Resources */ = {isa = PBXBuildFile; fileRef = 8779FAF12813BEF800264F53 /* map_pin_shadow@3x.png */; };
		8779FB172813BEF800264F53 /* copyright.png in Resources */ = {isa = PBXBuildFile; fileRef = 8779FAF22813BEF800264F53 /* copyright.png */; };
		8779FB182813BEF800264F53 /* th_line.png in Resources */ = {isa = PBXBuildFile; fileRef = 8779FAF32813BEF800264F53 /* th_line.png */; };
		8779FB192813BEF800264F53 /* map_pin_red@3x.png in Resources */ = {isa = PBXBuildFile; fileRef = 8779FAF42813BEF800264F53 /* map_pin_red@3x.png */; };
		8779FB1A2813BEF800264F53 /* daum_copyright.png in Resources */ = {isa = PBXBuildFile; fileRef = 8779FAF52813BEF800264F53 /* daum_copyright.png */; };
		8779FB1B2813BEF800264F53 /* map_pin@3x.png in Resources */ = {isa = PBXBuildFile; fileRef = 8779FAF62813BEF800264F53 /* map_pin@3x.png */; };
		8779FB1C2813BEF800264F53 /* map_present_tracking.png in Resources */ = {isa = PBXBuildFile; fileRef = 8779FAF72813BEF800264F53 /* map_present_tracking.png */; };
		8779FB1D2813BEF800264F53 /* map_pin_red.png in Resources */ = {isa = PBXBuildFile; fileRef = 8779FAF82813BEF800264F53 /* map_pin_red.png */; };
		8779FB1E2813BEF800264F53 /* info_box.png in Resources */ = {isa = PBXBuildFile; fileRef = 8779FB022813BEF800264F53 /* info_box.png */; };
		8779FB1F2813BEF800264F53 /* point_sprite.png in Resources */ = {isa = PBXBuildFile; fileRef = 8779FB032813BEF800264F53 /* point_sprite.png */; };
		8779FB202813BEF800264F53 /* map_pinup_custom.png in Resources */ = {isa = PBXBuildFile; fileRef = 8779FB042813BEF800264F53 /* map_pinup_custom.png */; };
		8779FB212813BEF800264F53 /* info_box_tail.png in Resources */ = {isa = PBXBuildFile; fileRef = 8779FB052813BEF800264F53 /* info_box_tail.png */; };
		8779FB222813BEF800264F53 /* noimage256.png in Resources */ = {isa = PBXBuildFile; fileRef = 8779FB062813BEF800264F53 /* noimage256.png */; };
		8779FB232813BEF800264F53 /* map_present_direction.png in Resources */ = {isa = PBXBuildFile; fileRef = 8779FB072813BEF800264F53 /* map_present_direction.png */; };
		8779FB242813BEF800264F53 /* map_pin.png in Resources */ = {isa = PBXBuildFile; fileRef = 8779FB082813BEF800264F53 /* map_pin.png */; };
		8779FB252813BEF800264F53 /* map_present.png in Resources */ = {isa = PBXBuildFile; fileRef = 8779FB092813BEF800264F53 /* map_present.png */; };
		8779FB262813BEF800264F53 /* noimage.png in Resources */ = {isa = PBXBuildFile; fileRef = 8779FB0A2813BEF800264F53 /* noimage.png */; };
		8779FB272813BEF800264F53 /* map_present_background_update.png in Resources */ = {isa = PBXBuildFile; fileRef = 8779FB0B2813BEF800264F53 /* map_present_background_update.png */; };
		8779FB282813BEF800264F53 /* daum_th_line.png in Resources */ = {isa = PBXBuildFile; fileRef = 8779FB0C2813BEF800264F53 /* daum_th_line.png */; };
		8779FB292813BEF800264F53 /* map_pin_shadow.png in Resources */ = {isa = PBXBuildFile; fileRef = 8779FB0D2813BEF800264F53 /* map_pin_shadow.png */; };
		8779FB2A2813BEF800264F53 /* DaumMap.framework in Frameworks */ = {isa = PBXBuildFile; fileRef = 8779FB0E2813BEF800264F53 /* DaumMap.framework */; };
		8779FB512813C01B00264F53 /* OpenGLES.framework in Frameworks */ = {isa = PBXBuildFile; fileRef = 8779FB502813C01B00264F53 /* OpenGLES.framework */; };
		8779FB532813C02600264F53 /* SystemConfiguration.framework in Frameworks */ = {isa = PBXBuildFile; fileRef = 8779FB522813C02600264F53 /* SystemConfiguration.framework */; };
		8779FB552813C04700264F53 /* CoreLocation.framework in Frameworks */ = {isa = PBXBuildFile; fileRef = 8779FB542813C04700264F53 /* CoreLocation.framework */; };
		8779FB592813C05900264F53 /* QuartzCore.framework in Frameworks */ = {isa = PBXBuildFile; fileRef = 8779FB582813C05900264F53 /* QuartzCore.framework */; };
		8779FB5B2813C07600264F53 /* libc++.tbd in Frameworks */ = {isa = PBXBuildFile; fileRef = 8779FB5A2813C07600264F53 /* libc++.tbd */; };
		8779FB5D2813C08200264F53 /* libxml2.tbd in Frameworks */ = {isa = PBXBuildFile; fileRef = 8779FB5C2813C08200264F53 /* libxml2.tbd */; };
		8779FB5F2813C08D00264F53 /* libsqlite3.tbd in Frameworks */ = {isa = PBXBuildFile; fileRef = 8779FB5E2813C08D00264F53 /* libsqlite3.tbd */; };
		8779FB612813C1C200264F53 /* LocationData.swift in Sources */ = {isa = PBXBuildFile; fileRef = 8779FB602813C1C200264F53 /* LocationData.swift */; };
		8779FB642813C24900264F53 /* KLDocument.swift in Sources */ = {isa = PBXBuildFile; fileRef = 8779FB632813C24900264F53 /* KLDocument.swift */; };
		8779FB662813CE7600264F53 /* DetailListCellData.swift in Sources */ = {isa = PBXBuildFile; fileRef = 8779FB652813CE7600264F53 /* DetailListCellData.swift */; };
		8779FB682813CF5B00264F53 /* LocationInformationViewController.swift in Sources */ = {isa = PBXBuildFile; fileRef = 8779FB672813CF5B00264F53 /* LocationInformationViewController.swift */; };
		8779FB6B2813CF8F00264F53 /* LocationInformationViewModel.swift in Sources */ = {isa = PBXBuildFile; fileRef = 8779FB6A2813CF8F00264F53 /* LocationInformationViewModel.swift */; };
		8779FB6F2813D15D00264F53 /* RxCocoa in Frameworks */ = {isa = PBXBuildFile; productRef = 8779FB6E2813D15D00264F53 /* RxCocoa */; };
		8779FB712813D15D00264F53 /* RxRelay in Frameworks */ = {isa = PBXBuildFile; productRef = 8779FB702813D15D00264F53 /* RxRelay */; };
		8779FB732813D15D00264F53 /* RxSwift in Frameworks */ = {isa = PBXBuildFile; productRef = 8779FB722813D15D00264F53 /* RxSwift */; };
		8779FB752813D15D00264F53 /* RxTest in Frameworks */ = {isa = PBXBuildFile; productRef = 8779FB742813D15D00264F53 /* RxTest */; };
		8779FB782813D1A400264F53 /* SnapKit in Frameworks */ = {isa = PBXBuildFile; productRef = 8779FB772813D1A400264F53 /* SnapKit */; };
		8779FB7A2813D82800264F53 /* MTMapViewError.swift in Sources */ = {isa = PBXBuildFile; fileRef = 8779FB792813D82800264F53 /* MTMapViewError.swift */; };
		8779FB7C2813DE6600264F53 /* DetailListCell.swift in Sources */ = {isa = PBXBuildFile; fileRef = 8779FB7B2813DE6600264F53 /* DetailListCell.swift */; };
		8779FB7E2813ECA300264F53 /* DetailListBackgroundView.swift in Sources */ = {isa = PBXBuildFile; fileRef = 8779FB7D2813ECA300264F53 /* DetailListBackgroundView.swift */; };
		8779FB822813ECE800264F53 /* DetailListBackgroundViewModel.swift in Sources */ = {isa = PBXBuildFile; fileRef = 8779FB812813ECE800264F53 /* DetailListBackgroundViewModel.swift */; };
		8779FB84281419B700264F53 /* LocalAPI.swift in Sources */ = {isa = PBXBuildFile; fileRef = 8779FB83281419B700264F53 /* LocalAPI.swift */; };
		87C995EC2812D846006ED52C /* AppDelegate.swift in Sources */ = {isa = PBXBuildFile; fileRef = 87C995EB2812D846006ED52C /* AppDelegate.swift */; };
		87C995EE2812D846006ED52C /* SceneDelegate.swift in Sources */ = {isa = PBXBuildFile; fileRef = 87C995ED2812D846006ED52C /* SceneDelegate.swift */; };
		87C995F52812D848006ED52C /* Assets.xcassets in Resources */ = {isa = PBXBuildFile; fileRef = 87C995F42812D848006ED52C /* Assets.xcassets */; };
		87C995F82812D848006ED52C /* LaunchScreen.storyboard in Resources */ = {isa = PBXBuildFile; fileRef = 87C995F62812D848006ED52C /* LaunchScreen.storyboard */; };
/* End PBXBuildFile section */

/* Begin PBXFileReference section */
		8779FAEA2813BEF800264F53 /* map_pinup_custom@3x.png */ = {isa = PBXFileReference; lastKnownFileType = image.png; path = "map_pinup_custom@3x.png"; sourceTree = "<group>"; };
		8779FAEB2813BEF800264F53 /* map_pin_custom.png */ = {isa = PBXFileReference; lastKnownFileType = image.png; path = map_pin_custom.png; sourceTree = "<group>"; };
		8779FAEC2813BEF800264F53 /* shadow_balloon.png */ = {isa = PBXFileReference; lastKnownFileType = image.png; path = shadow_balloon.png; sourceTree = "<group>"; };
		8779FAED2813BEF800264F53 /* map_pinup.png */ = {isa = PBXFileReference; lastKnownFileType = image.png; path = map_pinup.png; sourceTree = "<group>"; };
		8779FAEE2813BEF800264F53 /* detail_button.png */ = {isa = PBXFileReference; lastKnownFileType = image.png; path = detail_button.png; sourceTree = "<group>"; };
		8779FAEF2813BEF800264F53 /* map_pin_custom@3x.png */ = {isa = PBXFileReference; lastKnownFileType = image.png; path = "map_pin_custom@3x.png"; sourceTree = "<group>"; };
		8779FAF02813BEF800264F53 /* map_pinup@3x.png */ = {isa = PBXFileReference; lastKnownFileType = image.png; path = "map_pinup@3x.png"; sourceTree = "<group>"; };
		8779FAF12813BEF800264F53 /* map_pin_shadow@3x.png */ = {isa = PBXFileReference; lastKnownFileType = image.png; path = "map_pin_shadow@3x.png"; sourceTree = "<group>"; };
		8779FAF22813BEF800264F53 /* copyright.png */ = {isa = PBXFileReference; lastKnownFileType = image.png; path = copyright.png; sourceTree = "<group>"; };
		8779FAF32813BEF800264F53 /* th_line.png */ = {isa = PBXFileReference; lastKnownFileType = image.png; path = th_line.png; sourceTree = "<group>"; };
		8779FAF42813BEF800264F53 /* map_pin_red@3x.png */ = {isa = PBXFileReference; lastKnownFileType = image.png; path = "map_pin_red@3x.png"; sourceTree = "<group>"; };
		8779FAF52813BEF800264F53 /* daum_copyright.png */ = {isa = PBXFileReference; lastKnownFileType = image.png; path = daum_copyright.png; sourceTree = "<group>"; };
		8779FAF62813BEF800264F53 /* map_pin@3x.png */ = {isa = PBXFileReference; lastKnownFileType = image.png; path = "map_pin@3x.png"; sourceTree = "<group>"; };
		8779FAF72813BEF800264F53 /* map_present_tracking.png */ = {isa = PBXFileReference; lastKnownFileType = image.png; path = map_present_tracking.png; sourceTree = "<group>"; };
		8779FAF82813BEF800264F53 /* map_pin_red.png */ = {isa = PBXFileReference; lastKnownFileType = image.png; path = map_pin_red.png; sourceTree = "<group>"; };
		8779FAFA2813BEF800264F53 /* MTMapPOIItem.h */ = {isa = PBXFileReference; fileEncoding = 4; lastKnownFileType = sourcecode.c.h; path = MTMapPOIItem.h; sourceTree = "<group>"; };
		8779FAFB2813BEF800264F53 /* MTMapCameraUpdate.h */ = {isa = PBXFileReference; fileEncoding = 4; lastKnownFileType = sourcecode.c.h; path = MTMapCameraUpdate.h; sourceTree = "<group>"; };
		8779FAFC2813BEF800264F53 /* MTMapReverseGeoCoder.h */ = {isa = PBXFileReference; fileEncoding = 4; lastKnownFileType = sourcecode.c.h; path = MTMapReverseGeoCoder.h; sourceTree = "<group>"; };
		8779FAFD2813BEF800264F53 /* MTMapPolyline.h */ = {isa = PBXFileReference; fileEncoding = 4; lastKnownFileType = sourcecode.c.h; path = MTMapPolyline.h; sourceTree = "<group>"; };
		8779FAFE2813BEF800264F53 /* MTMapLocationMarkerItem.h */ = {isa = PBXFileReference; fileEncoding = 4; lastKnownFileType = sourcecode.c.h; path = MTMapLocationMarkerItem.h; sourceTree = "<group>"; };
		8779FAFF2813BEF800264F53 /* MTMapView.h */ = {isa = PBXFileReference; fileEncoding = 4; lastKnownFileType = sourcecode.c.h; path = MTMapView.h; sourceTree = "<group>"; };
		8779FB002813BEF800264F53 /* MTMapGeometry.h */ = {isa = PBXFileReference; fileEncoding = 4; lastKnownFileType = sourcecode.c.h; path = MTMapGeometry.h; sourceTree = "<group>"; };
		8779FB012813BEF800264F53 /* MTMapCircle.h */ = {isa = PBXFileReference; fileEncoding = 4; lastKnownFileType = sourcecode.c.h; path = MTMapCircle.h; sourceTree = "<group>"; };
		8779FB022813BEF800264F53 /* info_box.png */ = {isa = PBXFileReference; lastKnownFileType = image.png; path = info_box.png; sourceTree = "<group>"; };
		8779FB032813BEF800264F53 /* point_sprite.png */ = {isa = PBXFileReference; lastKnownFileType = image.png; path = point_sprite.png; sourceTree = "<group>"; };
		8779FB042813BEF800264F53 /* map_pinup_custom.png */ = {isa = PBXFileReference; lastKnownFileType = image.png; path = map_pinup_custom.png; sourceTree = "<group>"; };
		8779FB052813BEF800264F53 /* info_box_tail.png */ = {isa = PBXFileReference; lastKnownFileType = image.png; path = info_box_tail.png; sourceTree = "<group>"; };
		8779FB062813BEF800264F53 /* noimage256.png */ = {isa = PBXFileReference; lastKnownFileType = image.png; path = noimage256.png; sourceTree = "<group>"; };
		8779FB072813BEF800264F53 /* map_present_direction.png */ = {isa = PBXFileReference; lastKnownFileType = image.png; path = map_present_direction.png; sourceTree = "<group>"; };
		8779FB082813BEF800264F53 /* map_pin.png */ = {isa = PBXFileReference; lastKnownFileType = image.png; path = map_pin.png; sourceTree = "<group>"; };
		8779FB092813BEF800264F53 /* map_present.png */ = {isa = PBXFileReference; lastKnownFileType = image.png; path = map_present.png; sourceTree = "<group>"; };
		8779FB0A2813BEF800264F53 /* noimage.png */ = {isa = PBXFileReference; lastKnownFileType = image.png; path = noimage.png; sourceTree = "<group>"; };
		8779FB0B2813BEF800264F53 /* map_present_background_update.png */ = {isa = PBXFileReference; lastKnownFileType = image.png; path = map_present_background_update.png; sourceTree = "<group>"; };
		8779FB0C2813BEF800264F53 /* daum_th_line.png */ = {isa = PBXFileReference; lastKnownFileType = image.png; path = daum_th_line.png; sourceTree = "<group>"; };
		8779FB0D2813BEF800264F53 /* map_pin_shadow.png */ = {isa = PBXFileReference; lastKnownFileType = image.png; path = map_pin_shadow.png; sourceTree = "<group>"; };
		8779FB0E2813BEF800264F53 /* DaumMap.framework */ = {isa = PBXFileReference; lastKnownFileType = wrapper.framework; path = DaumMap.framework; sourceTree = "<group>"; };
		8779FB4E2813BFB700264F53 /* BridgingHeader.h */ = {isa = PBXFileReference; lastKnownFileType = sourcecode.c.h; path = BridgingHeader.h; sourceTree = "<group>"; };
		8779FB502813C01B00264F53 /* OpenGLES.framework */ = {isa = PBXFileReference; lastKnownFileType = wrapper.framework; name = OpenGLES.framework; path = System/Library/Frameworks/OpenGLES.framework; sourceTree = SDKROOT; };
		8779FB522813C02600264F53 /* SystemConfiguration.framework */ = {isa = PBXFileReference; lastKnownFileType = wrapper.framework; name = SystemConfiguration.framework; path = System/Library/Frameworks/SystemConfiguration.framework; sourceTree = SDKROOT; };
		8779FB542813C04700264F53 /* CoreLocation.framework */ = {isa = PBXFileReference; lastKnownFileType = wrapper.framework; name = CoreLocation.framework; path = System/Library/Frameworks/CoreLocation.framework; sourceTree = SDKROOT; };
		8779FB582813C05900264F53 /* QuartzCore.framework */ = {isa = PBXFileReference; lastKnownFileType = wrapper.framework; name = QuartzCore.framework; path = System/Library/Frameworks/QuartzCore.framework; sourceTree = SDKROOT; };
		8779FB5A2813C07600264F53 /* libc++.tbd */ = {isa = PBXFileReference; lastKnownFileType = "sourcecode.text-based-dylib-definition"; name = "libc++.tbd"; path = "usr/lib/libc++.tbd"; sourceTree = SDKROOT; };
		8779FB5C2813C08200264F53 /* libxml2.tbd */ = {isa = PBXFileReference; lastKnownFileType = "sourcecode.text-based-dylib-definition"; name = libxml2.tbd; path = usr/lib/libxml2.tbd; sourceTree = SDKROOT; };
		8779FB5E2813C08D00264F53 /* libsqlite3.tbd */ = {isa = PBXFileReference; lastKnownFileType = "sourcecode.text-based-dylib-definition"; name = libsqlite3.tbd; path = usr/lib/libsqlite3.tbd; sourceTree = SDKROOT; };
		8779FB602813C1C200264F53 /* LocationData.swift */ = {isa = PBXFileReference; lastKnownFileType = sourcecode.swift; path = LocationData.swift; sourceTree = "<group>"; };
		8779FB632813C24900264F53 /* KLDocument.swift */ = {isa = PBXFileReference; lastKnownFileType = sourcecode.swift; path = KLDocument.swift; sourceTree = "<group>"; };
		8779FB652813CE7600264F53 /* DetailListCellData.swift */ = {isa = PBXFileReference; lastKnownFileType = sourcecode.swift; path = DetailListCellData.swift; sourceTree = "<group>"; };
		8779FB672813CF5B00264F53 /* LocationInformationViewController.swift */ = {isa = PBXFileReference; lastKnownFileType = sourcecode.swift; path = LocationInformationViewController.swift; sourceTree = "<group>"; };
		8779FB6A2813CF8F00264F53 /* LocationInformationViewModel.swift */ = {isa = PBXFileReference; lastKnownFileType = sourcecode.swift; path = LocationInformationViewModel.swift; sourceTree = "<group>"; };
		8779FB792813D82800264F53 /* MTMapViewError.swift */ = {isa = PBXFileReference; lastKnownFileType = sourcecode.swift; path = MTMapViewError.swift; sourceTree = "<group>"; };
		8779FB7B2813DE6600264F53 /* DetailListCell.swift */ = {isa = PBXFileReference; lastKnownFileType = sourcecode.swift; path = DetailListCell.swift; sourceTree = "<group>"; };
		8779FB7D2813ECA300264F53 /* DetailListBackgroundView.swift */ = {isa = PBXFileReference; lastKnownFileType = sourcecode.swift; path = DetailListBackgroundView.swift; sourceTree = "<group>"; };
		8779FB812813ECE800264F53 /* DetailListBackgroundViewModel.swift */ = {isa = PBXFileReference; lastKnownFileType = sourcecode.swift; path = DetailListBackgroundViewModel.swift; sourceTree = "<group>"; };
		8779FB83281419B700264F53 /* LocalAPI.swift */ = {isa = PBXFileReference; lastKnownFileType = sourcecode.swift; path = LocalAPI.swift; sourceTree = "<group>"; };
		87C995E82812D846006ED52C /* FindMyPharmacy.app */ = {isa = PBXFileReference; explicitFileType = wrapper.application; includeInIndex = 0; path = FindMyPharmacy.app; sourceTree = BUILT_PRODUCTS_DIR; };
		87C995EB2812D846006ED52C /* AppDelegate.swift */ = {isa = PBXFileReference; lastKnownFileType = sourcecode.swift; path = AppDelegate.swift; sourceTree = "<group>"; };
		87C995ED2812D846006ED52C /* SceneDelegate.swift */ = {isa = PBXFileReference; lastKnownFileType = sourcecode.swift; path = SceneDelegate.swift; sourceTree = "<group>"; };
		87C995F42812D848006ED52C /* Assets.xcassets */ = {isa = PBXFileReference; lastKnownFileType = folder.assetcatalog; path = Assets.xcassets; sourceTree = "<group>"; };
		87C995F72812D848006ED52C /* Base */ = {isa = PBXFileReference; lastKnownFileType = file.storyboard; name = Base; path = Base.lproj/LaunchScreen.storyboard; sourceTree = "<group>"; };
		87C995F92812D848006ED52C /* Info.plist */ = {isa = PBXFileReference; lastKnownFileType = text.plist.xml; path = Info.plist; sourceTree = "<group>"; };
/* End PBXFileReference section */

/* Begin PBXFrameworksBuildPhase section */
		87C995E52812D846006ED52C /* Frameworks */ = {
			isa = PBXFrameworksBuildPhase;
			buildActionMask = 2147483647;
			files = (
				8779FB712813D15D00264F53 /* RxRelay in Frameworks */,
				8779FB6F2813D15D00264F53 /* RxCocoa in Frameworks */,
				8779FB782813D1A400264F53 /* SnapKit in Frameworks */,
				8779FB5F2813C08D00264F53 /* libsqlite3.tbd in Frameworks */,
				8779FB5D2813C08200264F53 /* libxml2.tbd in Frameworks */,
				8779FB752813D15D00264F53 /* RxTest in Frameworks */,
				8779FB5B2813C07600264F53 /* libc++.tbd in Frameworks */,
				8779FB592813C05900264F53 /* QuartzCore.framework in Frameworks */,
				8779FB552813C04700264F53 /* CoreLocation.framework in Frameworks */,
				8779FB532813C02600264F53 /* SystemConfiguration.framework in Frameworks */,
				8779FB512813C01B00264F53 /* OpenGLES.framework in Frameworks */,
				8779FB2A2813BEF800264F53 /* DaumMap.framework in Frameworks */,
				8779FB732813D15D00264F53 /* RxSwift in Frameworks */,
			);
			runOnlyForDeploymentPostprocessing = 0;
		};
/* End PBXFrameworksBuildPhase section */

/* Begin PBXGroup section */
		8779FAE82813BEF800264F53 /* DaumMap.embeddedframework */ = {
			isa = PBXGroup;
			children = (
				8779FAE92813BEF800264F53 /* Resources */,
				8779FB0E2813BEF800264F53 /* DaumMap.framework */,
			);
			path = DaumMap.embeddedframework;
			sourceTree = SOURCE_ROOT;
		};
		8779FAE92813BEF800264F53 /* Resources */ = {
			isa = PBXGroup;
			children = (
				8779FAEA2813BEF800264F53 /* map_pinup_custom@3x.png */,
				8779FAEB2813BEF800264F53 /* map_pin_custom.png */,
				8779FAEC2813BEF800264F53 /* shadow_balloon.png */,
				8779FAED2813BEF800264F53 /* map_pinup.png */,
				8779FAEE2813BEF800264F53 /* detail_button.png */,
				8779FAEF2813BEF800264F53 /* map_pin_custom@3x.png */,
				8779FAF02813BEF800264F53 /* map_pinup@3x.png */,
				8779FAF12813BEF800264F53 /* map_pin_shadow@3x.png */,
				8779FAF22813BEF800264F53 /* copyright.png */,
				8779FAF32813BEF800264F53 /* th_line.png */,
				8779FAF42813BEF800264F53 /* map_pin_red@3x.png */,
				8779FAF52813BEF800264F53 /* daum_copyright.png */,
				8779FAF62813BEF800264F53 /* map_pin@3x.png */,
				8779FAF72813BEF800264F53 /* map_present_tracking.png */,
				8779FAF82813BEF800264F53 /* map_pin_red.png */,
				8779FAF92813BEF800264F53 /* Headers */,
				8779FB022813BEF800264F53 /* info_box.png */,
				8779FB032813BEF800264F53 /* point_sprite.png */,
				8779FB042813BEF800264F53 /* map_pinup_custom.png */,
				8779FB052813BEF800264F53 /* info_box_tail.png */,
				8779FB062813BEF800264F53 /* noimage256.png */,
				8779FB072813BEF800264F53 /* map_present_direction.png */,
				8779FB082813BEF800264F53 /* map_pin.png */,
				8779FB092813BEF800264F53 /* map_present.png */,
				8779FB0A2813BEF800264F53 /* noimage.png */,
				8779FB0B2813BEF800264F53 /* map_present_background_update.png */,
				8779FB0C2813BEF800264F53 /* daum_th_line.png */,
				8779FB0D2813BEF800264F53 /* map_pin_shadow.png */,
			);
			path = Resources;
			sourceTree = "<group>";
		};
		8779FAF92813BEF800264F53 /* Headers */ = {
			isa = PBXGroup;
			children = (
				8779FAFA2813BEF800264F53 /* MTMapPOIItem.h */,
				8779FAFB2813BEF800264F53 /* MTMapCameraUpdate.h */,
				8779FAFC2813BEF800264F53 /* MTMapReverseGeoCoder.h */,
				8779FAFD2813BEF800264F53 /* MTMapPolyline.h */,
				8779FAFE2813BEF800264F53 /* MTMapLocationMarkerItem.h */,
				8779FAFF2813BEF800264F53 /* MTMapView.h */,
				8779FB002813BEF800264F53 /* MTMapGeometry.h */,
				8779FB012813BEF800264F53 /* MTMapCircle.h */,
			);
			path = Headers;
			sourceTree = "<group>";
		};
		8779FB4F2813C01B00264F53 /* Frameworks */ = {
			isa = PBXGroup;
			children = (
				8779FB5E2813C08D00264F53 /* libsqlite3.tbd */,
				8779FB5C2813C08200264F53 /* libxml2.tbd */,
				8779FB5A2813C07600264F53 /* libc++.tbd */,
				8779FB582813C05900264F53 /* QuartzCore.framework */,
				8779FB542813C04700264F53 /* CoreLocation.framework */,
				8779FAE82813BEF800264F53 /* DaumMap.embeddedframework */,
				8779FB522813C02600264F53 /* SystemConfiguration.framework */,
				8779FB502813C01B00264F53 /* OpenGLES.framework */,
			);
			name = Frameworks;
			sourceTree = "<group>";
		};
		8779FB622813C1D300264F53 /* Entities */ = {
			isa = PBXGroup;
			children = (
				8779FB602813C1C200264F53 /* LocationData.swift */,
				8779FB652813CE7600264F53 /* DetailListCellData.swift */,
				8779FB632813C24900264F53 /* KLDocument.swift */,
				8779FB792813D82800264F53 /* MTMapViewError.swift */,
			);
			path = Entities;
			sourceTree = "<group>";
		};
		8779FB692813CF6000264F53 /* Presentation */ = {
			isa = PBXGroup;
			children = (
				8779FB672813CF5B00264F53 /* LocationInformationViewController.swift */,
				8779FB6A2813CF8F00264F53 /* LocationInformationViewModel.swift */,
				8779FB7B2813DE6600264F53 /* DetailListCell.swift */,
				8779FB7D2813ECA300264F53 /* DetailListBackgroundView.swift */,
				8779FB812813ECE800264F53 /* DetailListBackgroundViewModel.swift */,
			);
			path = Presentation;
			sourceTree = "<group>";
		};
		8779FB85281419C500264F53 /* Network */ = {
			isa = PBXGroup;
			children = (
				8779FB83281419B700264F53 /* LocalAPI.swift */,
			);
			path = Network;
			sourceTree = "<group>";
		};
		87C995DF2812D846006ED52C = {
			isa = PBXGroup;
			children = (
				87C995EA2812D846006ED52C /* FindMyPharmacy */,
				87C995E92812D846006ED52C /* Products */,
				8779FB4F2813C01B00264F53 /* Frameworks */,
			);
			sourceTree = "<group>";
		};
		87C995E92812D846006ED52C /* Products */ = {
			isa = PBXGroup;
			children = (
				87C995E82812D846006ED52C /* FindMyPharmacy.app */,
			);
			name = Products;
			sourceTree = "<group>";
		};
		87C995EA2812D846006ED52C /* FindMyPharmacy */ = {
			isa = PBXGroup;
			children = (
				8779FB4E2813BFB700264F53 /* BridgingHeader.h */,
				87C995EB2812D846006ED52C /* AppDelegate.swift */,
				87C995ED2812D846006ED52C /* SceneDelegate.swift */,
				8779FB85281419C500264F53 /* Network */,
				8779FB692813CF6000264F53 /* Presentation */,
				8779FB622813C1D300264F53 /* Entities */,
				87C995F42812D848006ED52C /* Assets.xcassets */,
				87C995F62812D848006ED52C /* LaunchScreen.storyboard */,
				87C995F92812D848006ED52C /* Info.plist */,
			);
			path = FindMyPharmacy;
			sourceTree = "<group>";
		};
/* End PBXGroup section */

/* Begin PBXNativeTarget section */
		87C995E72812D846006ED52C /* FindMyPharmacy */ = {
			isa = PBXNativeTarget;
			buildConfigurationList = 87C995FC2812D848006ED52C /* Build configuration list for PBXNativeTarget "FindMyPharmacy" */;
			buildPhases = (
				87C995E42812D846006ED52C /* Sources */,
				87C995E52812D846006ED52C /* Frameworks */,
				87C995E62812D846006ED52C /* Resources */,
			);
			buildRules = (
			);
			dependencies = (
			);
			name = FindMyPharmacy;
			packageProductDependencies = (
				8779FB6E2813D15D00264F53 /* RxCocoa */,
				8779FB702813D15D00264F53 /* RxRelay */,
				8779FB722813D15D00264F53 /* RxSwift */,
				8779FB742813D15D00264F53 /* RxTest */,
				8779FB772813D1A400264F53 /* SnapKit */,
			);
			productName = FindMyPharmacy;
			productReference = 87C995E82812D846006ED52C /* FindMyPharmacy.app */;
			productType = "com.apple.product-type.application";
		};
/* End PBXNativeTarget section */

/* Begin PBXProject section */
		87C995E02812D846006ED52C /* Project object */ = {
			isa = PBXProject;
			attributes = {
				BuildIndependentTargetsInParallel = 1;
				LastSwiftUpdateCheck = 1330;
				LastUpgradeCheck = 1330;
				TargetAttributes = {
					87C995E72812D846006ED52C = {
						CreatedOnToolsVersion = 13.3;
					};
				};
			};
			buildConfigurationList = 87C995E32812D846006ED52C /* Build configuration list for PBXProject "FindMyPharmacy" */;
			compatibilityVersion = "Xcode 13.0";
			developmentRegion = en;
			hasScannedForEncodings = 0;
			knownRegions = (
				en,
				Base,
			);
			mainGroup = 87C995DF2812D846006ED52C;
			packageReferences = (
				8779FB6C2813D12600264F53 /* XCRemoteSwiftPackageReference "rxswift" */,
				8779FB6D2813D15D00264F53 /* XCRemoteSwiftPackageReference "rxswift" */,
				8779FB762813D1A400264F53 /* XCRemoteSwiftPackageReference "snapkit" */,
			);
			productRefGroup = 87C995E92812D846006ED52C /* Products */;
			projectDirPath = "";
			projectRoot = "";
			targets = (
				87C995E72812D846006ED52C /* FindMyPharmacy */,
			);
		};
/* End PBXProject section */

/* Begin PBXResourcesBuildPhase section */
		87C995E62812D846006ED52C /* Resources */ = {
			isa = PBXResourcesBuildPhase;
			buildActionMask = 2147483647;
			files = (
				8779FB252813BEF800264F53 /* map_present.png in Resources */,
				8779FB1B2813BEF800264F53 /* map_pin@3x.png in Resources */,
				8779FB192813BEF800264F53 /* map_pin_red@3x.png in Resources */,
				8779FB242813BEF800264F53 /* map_pin.png in Resources */,
				8779FB1D2813BEF800264F53 /* map_pin_red.png in Resources */,
				8779FB0F2813BEF800264F53 /* map_pinup_custom@3x.png in Resources */,
				8779FB172813BEF800264F53 /* copyright.png in Resources */,
				8779FB162813BEF800264F53 /* map_pin_shadow@3x.png in Resources */,
				87C995F82812D848006ED52C /* LaunchScreen.storyboard in Resources */,
				8779FB1A2813BEF800264F53 /* daum_copyright.png in Resources */,
				8779FB1E2813BEF800264F53 /* info_box.png in Resources */,
				8779FB142813BEF800264F53 /* map_pin_custom@3x.png in Resources */,
				8779FB292813BEF800264F53 /* map_pin_shadow.png in Resources */,
				8779FB1C2813BEF800264F53 /* map_present_tracking.png in Resources */,
				8779FB132813BEF800264F53 /* detail_button.png in Resources */,
				8779FB262813BEF800264F53 /* noimage.png in Resources */,
				8779FB182813BEF800264F53 /* th_line.png in Resources */,
				8779FB212813BEF800264F53 /* info_box_tail.png in Resources */,
				8779FB102813BEF800264F53 /* map_pin_custom.png in Resources */,
				8779FB202813BEF800264F53 /* map_pinup_custom.png in Resources */,
				8779FB152813BEF800264F53 /* map_pinup@3x.png in Resources */,
				8779FB1F2813BEF800264F53 /* point_sprite.png in Resources */,
				8779FB272813BEF800264F53 /* map_present_background_update.png in Resources */,
				8779FB232813BEF800264F53 /* map_present_direction.png in Resources */,
				8779FB222813BEF800264F53 /* noimage256.png in Resources */,
				8779FB112813BEF800264F53 /* shadow_balloon.png in Resources */,
				87C995F52812D848006ED52C /* Assets.xcassets in Resources */,
				8779FB282813BEF800264F53 /* daum_th_line.png in Resources */,
				8779FB122813BEF800264F53 /* map_pinup.png in Resources */,
			);
			runOnlyForDeploymentPostprocessing = 0;
		};
/* End PBXResourcesBuildPhase section */

/* Begin PBXSourcesBuildPhase section */
		87C995E42812D846006ED52C /* Sources */ = {
			isa = PBXSourcesBuildPhase;
			buildActionMask = 2147483647;
			files = (
				8779FB612813C1C200264F53 /* LocationData.swift in Sources */,
				8779FB7E2813ECA300264F53 /* DetailListBackgroundView.swift in Sources */,
				8779FB822813ECE800264F53 /* DetailListBackgroundViewModel.swift in Sources */,
				8779FB642813C24900264F53 /* KLDocument.swift in Sources */,
				8779FB682813CF5B00264F53 /* LocationInformationViewController.swift in Sources */,
				8779FB7A2813D82800264F53 /* MTMapViewError.swift in Sources */,
				8779FB84281419B700264F53 /* LocalAPI.swift in Sources */,
				8779FB7C2813DE6600264F53 /* DetailListCell.swift in Sources */,
				87C995EC2812D846006ED52C /* AppDelegate.swift in Sources */,
				8779FB662813CE7600264F53 /* DetailListCellData.swift in Sources */,
				87C995EE2812D846006ED52C /* SceneDelegate.swift in Sources */,
				8779FB6B2813CF8F00264F53 /* LocationInformationViewModel.swift in Sources */,
			);
			runOnlyForDeploymentPostprocessing = 0;
		};
/* End PBXSourcesBuildPhase section */

/* Begin PBXVariantGroup section */
		87C995F62812D848006ED52C /* LaunchScreen.storyboard */ = {
			isa = PBXVariantGroup;
			children = (
				87C995F72812D848006ED52C /* Base */,
			);
			name = LaunchScreen.storyboard;
			sourceTree = "<group>";
		};
/* End PBXVariantGroup section */

/* Begin XCBuildConfiguration section */
		87C995FA2812D848006ED52C /* Debug */ = {
			isa = XCBuildConfiguration;
			buildSettings = {
				ALWAYS_SEARCH_USER_PATHS = NO;
				CLANG_ANALYZER_NONNULL = YES;
				CLANG_ANALYZER_NUMBER_OBJECT_CONVERSION = YES_AGGRESSIVE;
				CLANG_CXX_LANGUAGE_STANDARD = "gnu++17";
				CLANG_ENABLE_MODULES = YES;
				CLANG_ENABLE_OBJC_ARC = NO;
				CLANG_ENABLE_OBJC_WEAK = YES;
				CLANG_WARN_BLOCK_CAPTURE_AUTORELEASING = YES;
				CLANG_WARN_BOOL_CONVERSION = YES;
				CLANG_WARN_COMMA = YES;
				CLANG_WARN_CONSTANT_CONVERSION = YES;
				CLANG_WARN_DEPRECATED_OBJC_IMPLEMENTATIONS = YES;
				CLANG_WARN_DIRECT_OBJC_ISA_USAGE = YES_ERROR;
				CLANG_WARN_DOCUMENTATION_COMMENTS = YES;
				CLANG_WARN_EMPTY_BODY = YES;
				CLANG_WARN_ENUM_CONVERSION = YES;
				CLANG_WARN_INFINITE_RECURSION = YES;
				CLANG_WARN_INT_CONVERSION = YES;
				CLANG_WARN_NON_LITERAL_NULL_CONVERSION = YES;
				CLANG_WARN_OBJC_IMPLICIT_RETAIN_SELF = YES;
				CLANG_WARN_OBJC_LITERAL_CONVERSION = YES;
				CLANG_WARN_OBJC_ROOT_CLASS = YES_ERROR;
				CLANG_WARN_QUOTED_INCLUDE_IN_FRAMEWORK_HEADER = YES;
				CLANG_WARN_RANGE_LOOP_ANALYSIS = YES;
				CLANG_WARN_STRICT_PROTOTYPES = YES;
				CLANG_WARN_SUSPICIOUS_MOVE = YES;
				CLANG_WARN_UNGUARDED_AVAILABILITY = YES_AGGRESSIVE;
				CLANG_WARN_UNREACHABLE_CODE = YES;
				CLANG_WARN__DUPLICATE_METHOD_MATCH = YES;
				COPY_PHASE_STRIP = NO;
				DEBUG_INFORMATION_FORMAT = dwarf;
				ENABLE_STRICT_OBJC_MSGSEND = YES;
				ENABLE_TESTABILITY = YES;
				GCC_C_LANGUAGE_STANDARD = gnu11;
				GCC_DYNAMIC_NO_PIC = NO;
				GCC_NO_COMMON_BLOCKS = YES;
				GCC_OPTIMIZATION_LEVEL = 0;
				GCC_PREPROCESSOR_DEFINITIONS = (
					"DEBUG=1",
					"$(inherited)",
				);
				GCC_WARN_64_TO_32_BIT_CONVERSION = YES;
				GCC_WARN_ABOUT_RETURN_TYPE = YES_ERROR;
				GCC_WARN_UNDECLARED_SELECTOR = YES;
				GCC_WARN_UNINITIALIZED_AUTOS = YES_AGGRESSIVE;
				GCC_WARN_UNUSED_FUNCTION = YES;
				GCC_WARN_UNUSED_VARIABLE = YES;
				IPHONEOS_DEPLOYMENT_TARGET = 15.4;
				MTL_ENABLE_DEBUG_INFO = INCLUDE_SOURCE;
				MTL_FAST_MATH = YES;
				ONLY_ACTIVE_ARCH = YES;
				SDKROOT = iphoneos;
				SWIFT_ACTIVE_COMPILATION_CONDITIONS = DEBUG;
				SWIFT_OPTIMIZATION_LEVEL = "-Onone";
			};
			name = Debug;
		};
		87C995FB2812D848006ED52C /* Release */ = {
			isa = XCBuildConfiguration;
			buildSettings = {
				ALWAYS_SEARCH_USER_PATHS = NO;
				CLANG_ANALYZER_NONNULL = YES;
				CLANG_ANALYZER_NUMBER_OBJECT_CONVERSION = YES_AGGRESSIVE;
				CLANG_CXX_LANGUAGE_STANDARD = "gnu++17";
				CLANG_ENABLE_MODULES = YES;
				CLANG_ENABLE_OBJC_ARC = NO;
				CLANG_ENABLE_OBJC_WEAK = YES;
				CLANG_WARN_BLOCK_CAPTURE_AUTORELEASING = YES;
				CLANG_WARN_BOOL_CONVERSION = YES;
				CLANG_WARN_COMMA = YES;
				CLANG_WARN_CONSTANT_CONVERSION = YES;
				CLANG_WARN_DEPRECATED_OBJC_IMPLEMENTATIONS = YES;
				CLANG_WARN_DIRECT_OBJC_ISA_USAGE = YES_ERROR;
				CLANG_WARN_DOCUMENTATION_COMMENTS = YES;
				CLANG_WARN_EMPTY_BODY = YES;
				CLANG_WARN_ENUM_CONVERSION = YES;
				CLANG_WARN_INFINITE_RECURSION = YES;
				CLANG_WARN_INT_CONVERSION = YES;
				CLANG_WARN_NON_LITERAL_NULL_CONVERSION = YES;
				CLANG_WARN_OBJC_IMPLICIT_RETAIN_SELF = YES;
				CLANG_WARN_OBJC_LITERAL_CONVERSION = YES;
				CLANG_WARN_OBJC_ROOT_CLASS = YES_ERROR;
				CLANG_WARN_QUOTED_INCLUDE_IN_FRAMEWORK_HEADER = YES;
				CLANG_WARN_RANGE_LOOP_ANALYSIS = YES;
				CLANG_WARN_STRICT_PROTOTYPES = YES;
				CLANG_WARN_SUSPICIOUS_MOVE = YES;
				CLANG_WARN_UNGUARDED_AVAILABILITY = YES_AGGRESSIVE;
				CLANG_WARN_UNREACHABLE_CODE = YES;
				CLANG_WARN__DUPLICATE_METHOD_MATCH = YES;
				COPY_PHASE_STRIP = NO;
				DEBUG_INFORMATION_FORMAT = "dwarf-with-dsym";
				ENABLE_NS_ASSERTIONS = NO;
				ENABLE_STRICT_OBJC_MSGSEND = YES;
				GCC_C_LANGUAGE_STANDARD = gnu11;
				GCC_NO_COMMON_BLOCKS = YES;
				GCC_WARN_64_TO_32_BIT_CONVERSION = YES;
				GCC_WARN_ABOUT_RETURN_TYPE = YES_ERROR;
				GCC_WARN_UNDECLARED_SELECTOR = YES;
				GCC_WARN_UNINITIALIZED_AUTOS = YES_AGGRESSIVE;
				GCC_WARN_UNUSED_FUNCTION = YES;
				GCC_WARN_UNUSED_VARIABLE = YES;
				IPHONEOS_DEPLOYMENT_TARGET = 15.4;
				MTL_ENABLE_DEBUG_INFO = NO;
				MTL_FAST_MATH = YES;
				SDKROOT = iphoneos;
				SWIFT_COMPILATION_MODE = wholemodule;
				SWIFT_OPTIMIZATION_LEVEL = "-O";
				VALIDATE_PRODUCT = YES;
			};
			name = Release;
		};
		87C995FD2812D848006ED52C /* Debug */ = {
			isa = XCBuildConfiguration;
			buildSettings = {
				ASSETCATALOG_COMPILER_APPICON_NAME = AppIcon;
				ASSETCATALOG_COMPILER_GLOBAL_ACCENT_COLOR_NAME = AccentColor;
				CODE_SIGN_STYLE = Automatic;
				CURRENT_PROJECT_VERSION = 1;
				DEVELOPMENT_TEAM = 8MKGM4RXJ3;
				FRAMEWORK_SEARCH_PATHS = (
					"$(inherited)",
					"$(PROJECT_DIR)/DaumMap.embeddedframework",
				);
				GENERATE_INFOPLIST_FILE = YES;
				INFOPLIST_FILE = FindMyPharmacy/Info.plist;
				INFOPLIST_KEY_UIApplicationSupportsIndirectInputEvents = YES;
				INFOPLIST_KEY_UILaunchStoryboardName = LaunchScreen;
				INFOPLIST_KEY_UIMainStoryboardFile = Main;
				INFOPLIST_KEY_UISupportedInterfaceOrientations_iPad = "UIInterfaceOrientationPortrait UIInterfaceOrientationPortraitUpsideDown UIInterfaceOrientationLandscapeLeft UIInterfaceOrientationLandscapeRight";
				INFOPLIST_KEY_UISupportedInterfaceOrientations_iPhone = "UIInterfaceOrientationPortrait UIInterfaceOrientationLandscapeLeft UIInterfaceOrientationLandscapeRight";
				LD_RUNPATH_SEARCH_PATHS = (
					"$(inherited)",
					"@executable_path/Frameworks",
				);
				LIBRARY_SEARCH_PATHS = (
					"$(inherited)",
					"$(SDKROOT)/usr/lib/swift",
				);
				MARKETING_VERSION = 1.0;
				PRODUCT_BUNDLE_IDENTIFIER = com.FindMyPharmacy;
				PRODUCT_NAME = "$(TARGET_NAME)";
				SWIFT_EMIT_LOC_STRINGS = YES;
				SWIFT_OBJC_BRIDGING_HEADER = "/Users/seongjulee/Desktop/부경대 4-1/ICT 인턴십/FindMyPharmacy/FindMyPharmacy/BridgingHeader.h";
				SWIFT_VERSION = 5.0;
				TARGETED_DEVICE_FAMILY = "1,2";
			};
			name = Debug;
		};
		87C995FE2812D848006ED52C /* Release */ = {
			isa = XCBuildConfiguration;
			buildSettings = {
				ASSETCATALOG_COMPILER_APPICON_NAME = AppIcon;
				ASSETCATALOG_COMPILER_GLOBAL_ACCENT_COLOR_NAME = AccentColor;
				CODE_SIGN_STYLE = Automatic;
				CURRENT_PROJECT_VERSION = 1;
				DEVELOPMENT_TEAM = 8MKGM4RXJ3;
				FRAMEWORK_SEARCH_PATHS = (
					"$(inherited)",
					"$(PROJECT_DIR)/DaumMap.embeddedframework",
				);
				GENERATE_INFOPLIST_FILE = YES;
				INFOPLIST_FILE = FindMyPharmacy/Info.plist;
				INFOPLIST_KEY_UIApplicationSupportsIndirectInputEvents = YES;
				INFOPLIST_KEY_UILaunchStoryboardName = LaunchScreen;
				INFOPLIST_KEY_UIMainStoryboardFile = Main;
				INFOPLIST_KEY_UISupportedInterfaceOrientations_iPad = "UIInterfaceOrientationPortrait UIInterfaceOrientationPortraitUpsideDown UIInterfaceOrientationLandscapeLeft UIInterfaceOrientationLandscapeRight";
				INFOPLIST_KEY_UISupportedInterfaceOrientations_iPhone = "UIInterfaceOrientationPortrait UIInterfaceOrientationLandscapeLeft UIInterfaceOrientationLandscapeRight";
				LD_RUNPATH_SEARCH_PATHS = (
					"$(inherited)",
					"@executable_path/Frameworks",
				);
				LIBRARY_SEARCH_PATHS = (
					"$(inherited)",
					"$(SDKROOT)/usr/lib/swift",
				);
				MARKETING_VERSION = 1.0;
				PRODUCT_BUNDLE_IDENTIFIER = com.FindMyPharmacy;
				PRODUCT_NAME = "$(TARGET_NAME)";
				SWIFT_EMIT_LOC_STRINGS = YES;
				SWIFT_OBJC_BRIDGING_HEADER = "/Users/seongjulee/Desktop/부경대 4-1/ICT 인턴십/FindMyPharmacy/FindMyPharmacy/BridgingHeader.h";
				SWIFT_VERSION = 5.0;
				TARGETED_DEVICE_FAMILY = "1,2";
			};
			name = Release;
		};
/* End XCBuildConfiguration section */

/* Begin XCConfigurationList section */
		87C995E32812D846006ED52C /* Build configuration list for PBXProject "FindMyPharmacy" */ = {
			isa = XCConfigurationList;
			buildConfigurations = (
				87C995FA2812D848006ED52C /* Debug */,
				87C995FB2812D848006ED52C /* Release */,
			);
			defaultConfigurationIsVisible = 0;
			defaultConfigurationName = Release;
		};
		87C995FC2812D848006ED52C /* Build configuration list for PBXNativeTarget "FindMyPharmacy" */ = {
			isa = XCConfigurationList;
			buildConfigurations = (
				87C995FD2812D848006ED52C /* Debug */,
				87C995FE2812D848006ED52C /* Release */,
			);
			defaultConfigurationIsVisible = 0;
			defaultConfigurationName = Release;
		};
/* End XCConfigurationList section */

/* Begin XCRemoteSwiftPackageReference section */
		8779FB6C2813D12600264F53 /* XCRemoteSwiftPackageReference "rxswift" */ = {
			isa = XCRemoteSwiftPackageReference;
			repositoryURL = "https://github.com/reactivex/rxswift";
			requirement = {
				kind = upToNextMajorVersion;
				minimumVersion = 6.0.0;
			};
		};
		8779FB6D2813D15D00264F53 /* XCRemoteSwiftPackageReference "rxswift" */ = {
			isa = XCRemoteSwiftPackageReference;
			repositoryURL = "https://github.com/reactivex/rxswift";
			requirement = {
				branch = main;
				kind = branch;
			};
		};
		8779FB762813D1A400264F53 /* XCRemoteSwiftPackageReference "snapkit" */ = {
			isa = XCRemoteSwiftPackageReference;
			repositoryURL = "https://github.com/snapkit/snapkit.git";
			requirement = {
				kind = upToNextMajorVersion;
				minimumVersion = 5.0.0;
			};
		};
/* End XCRemoteSwiftPackageReference section */

/* Begin XCSwiftPackageProductDependency section */
		8779FB6E2813D15D00264F53 /* RxCocoa */ = {
			isa = XCSwiftPackageProductDependency;
			package = 8779FB6D2813D15D00264F53 /* XCRemoteSwiftPackageReference "rxswift" */;
			productName = RxCocoa;
		};
		8779FB702813D15D00264F53 /* RxRelay */ = {
			isa = XCSwiftPackageProductDependency;
			package = 8779FB6D2813D15D00264F53 /* XCRemoteSwiftPackageReference "rxswift" */;
			productName = RxRelay;
		};
		8779FB722813D15D00264F53 /* RxSwift */ = {
			isa = XCSwiftPackageProductDependency;
			package = 8779FB6D2813D15D00264F53 /* XCRemoteSwiftPackageReference "rxswift" */;
			productName = RxSwift;
		};
		8779FB742813D15D00264F53 /* RxTest */ = {
			isa = XCSwiftPackageProductDependency;
			package = 8779FB6D2813D15D00264F53 /* XCRemoteSwiftPackageReference "rxswift" */;
			productName = RxTest;
		};
		8779FB772813D1A400264F53 /* SnapKit */ = {
			isa = XCSwiftPackageProductDependency;
			package = 8779FB762813D1A400264F53 /* XCRemoteSwiftPackageReference "snapkit" */;
			productName = SnapKit;
		};
/* End XCSwiftPackageProductDependency section */
	};
	rootObject = 87C995E02812D846006ED52C /* Project object */;
}
